
Microsoft Visual Studio Solution File, Format Version 12.00
# Visual Studio Version 17
VisualStudioVersion = 17.0.31903.59
MinimumVisualStudioVersion = 10.0.40219.1
Project("{FAE04EC0-301F-11D3-BF4B-00C04F79EFBC}") = "API", "API\API.csproj", "{609E79DB-987D-4823-ABCF-96D29F8E788A}"
EndProject
Project("{FAE04EC0-301F-11D3-BF4B-00C04F79EFBC}") = "Application", "Application\Application.csproj", "{904CA610-19AC-4461-B1FF-2CCD7F89918F}"
EndProject
Project("{FAE04EC0-301F-11D3-BF4B-00C04F79EFBC}") = "Domain", "Domain\Domain.csproj", "{DEA9A292-BB8B-4663-A35E-53A6B8F61006}"
EndProject
Project("{FAE04EC0-301F-11D3-BF4B-00C04F79EFBC}") = "Persistence", "Persistence\Persistence.csproj", "{B92D2030-17F7-4840-85CD-907262B2835B}"
EndProject
Global
	GlobalSection(SolutionConfigurationPlatforms) = preSolution
		Debug|Any CPU = Debug|Any CPU
		Release|Any CPU = Release|Any CPU
	EndGlobalSection
	GlobalSection(SolutionProperties) = preSolution
		HideSolutionNode = FALSE
	EndGlobalSection
	GlobalSection(ProjectConfigurationPlatforms) = postSolution
		{609E79DB-987D-4823-ABCF-96D29F8E788A}.Debug|Any CPU.ActiveCfg = Debug|Any CPU
		{609E79DB-987D-4823-ABCF-96D29F8E788A}.Debug|Any CPU.Build.0 = Debug|Any CPU
		{609E79DB-987D-4823-ABCF-96D29F8E788A}.Release|Any CPU.ActiveCfg = Release|Any CPU
		{609E79DB-987D-4823-ABCF-96D29F8E788A}.Release|Any CPU.Build.0 = Release|Any CPU
		{904CA610-19AC-4461-B1FF-2CCD7F89918F}.Debug|Any CPU.ActiveCfg = Debug|Any CPU
		{904CA610-19AC-4461-B1FF-2CCD7F89918F}.Debug|Any CPU.Build.0 = Debug|Any CPU
		{904CA610-19AC-4461-B1FF-2CCD7F89918F}.Release|Any CPU.ActiveCfg = Release|Any CPU
		{904CA610-19AC-4461-B1FF-2CCD7F89918F}.Release|Any CPU.Build.0 = Release|Any CPU
		{DEA9A292-BB8B-4663-A35E-53A6B8F61006}.Debug|Any CPU.ActiveCfg = Debug|Any CPU
		{DEA9A292-BB8B-4663-A35E-53A6B8F61006}.Debug|Any CPU.Build.0 = Debug|Any CPU
		{DEA9A292-BB8B-4663-A35E-53A6B8F61006}.Release|Any CPU.ActiveCfg = Release|Any CPU
		{DEA9A292-BB8B-4663-A35E-53A6B8F61006}.Release|Any CPU.Build.0 = Release|Any CPU
		{B92D2030-17F7-4840-85CD-907262B2835B}.Debug|Any CPU.ActiveCfg = Debug|Any CPU
		{B92D2030-17F7-4840-85CD-907262B2835B}.Debug|Any CPU.Build.0 = Debug|Any CPU
		{B92D2030-17F7-4840-85CD-907262B2835B}.Release|Any CPU.ActiveCfg = Release|Any CPU
		{B92D2030-17F7-4840-85CD-907262B2835B}.Release|Any CPU.Build.0 = Release|Any CPU
	EndGlobalSection
EndGlobal
